{
  "version": 4,
  "terraform_version": "1.9.6",
  "serial": 255,
  "lineage": "1bbfe913-c144-3e75-09a8-9b6d4a80f9d7",
  "outputs": {
    "bastion_public_ip": {
      "value": "18.202.16.50",
      "type": "string"
    },
    "k3s_agent_private_ip": {
      "value": "10.0.102.17",
      "type": "string"
    },
    "k3s_server_private_ip": {
      "value": "10.0.101.22",
      "type": "string"
    },
    "kubectl_access_instructions": {
      "value": "####################################################################\r\n# Инструкции для доступа к кластеру K3s с вашего локального ПК\r\n####################################################################\r\n\r\n1. Убедитесь, что ваш SSH агент имеет ваш ключ:\r\n   ssh-add ~/.ssh/your-key.pem\r\n\r\n2. Подключитесь к бастиону:\r\n   ssh ec2-user@18.202.16.50\r\n\r\n3. С бастиона, скопируйте kubeconfig с K3s сервера:\r\n   ssh ec2-user@10.0.101.22 \"sudo cat /etc/rancher/k3s/k3s.yaml\" \u003e k3s.yaml\r\n\r\n4. В файле k3s.yaml замените '127.0.0.1' на приватный IP K3s сервера:\r\n   sed -i 's/127.0.0.1/10.0.101.22/' k3s.yaml\r\n\r\n5. Проверьте доступ к кластеру с бастиона:\r\n   export KUBECONFIG=$PWD/k3s.yaml\r\n   kubectl get nodes\r\n\r\n####################################################################\r\n# (Опционально) Доступ к кластеру напрямую с локального ПК\r\n####################################################################\r\n\r\n1. Скопируйте файл k3s.yaml с бастиона на ваш локальный ПК.\r\n   scp ec2-user@18.202.16.50:~/k3s.yaml .\r\n\r\n2. На локальном ПК, настройте `ProxyCommand` в вашем SSH конфиге (~/.ssh/config):\r\n   Host k3s-server\r\n     HostName 10.0.101.22\r\n     User ec2-user\r\n     ProxyJump ec2-user@18.202.16.50\r\n\r\n3. В локальном файле k3s.yaml, измените 'server' на 'https://k3s-server:6443'.\r\n\r\n4. Проверьте доступ:\r\n   export KUBECONFIG=$PWD/k3s.yaml\r\n   kubectl get nodes\r\n",
      "type": "string"
    },
    "nat_instance_public_ip": {
      "value": "63.35.172.119",
      "type": "string"
    }
  },
  "resources": [
    {
      "mode": "data",
      "type": "aws_ami",
      "name": "amazon_linux_2023_arm",
      "provider": "provider[\"registry.terraform.io/hashicorp/aws\"]",
      "instances": [
        {
          "schema_version": 0,
          "attributes": {
            "architecture": "arm64",
            "arn": "arn:aws:ec2:eu-west-1::image/ami-0a13cef6774d364cd",
            "block_device_mappings": [
              {
                "device_name": "/dev/xvda",
                "ebs": {
                  "delete_on_termination": "true",
                  "encrypted": "false",
                  "iops": "3000",
                  "snapshot_id": "snap-0d93d543c9776fd6d",
                  "throughput": "125",
                  "volume_initialization_rate": "0",
                  "volume_size": "30",
                  "volume_type": "gp3"
                },
                "no_device": "",
                "virtual_name": ""
              }
            ],
            "boot_mode": "uefi",
            "creation_date": "2025-07-15T02:46:03.000Z",
            "deprecation_time": "2027-07-15T02:46:03.000Z",
            "description": "Amazon Linux AMI 2023.0.20250714 arm64 ECS HVM EBS",
            "ena_support": true,
            "executable_users": null,
            "filter": [
              {
                "name": "architecture",
                "values": [
                  "arm64"
                ]
              },
              {
                "name": "name",
                "values": [
                  "al2023-ami-*-arm64"
                ]
              }
            ],
            "hypervisor": "xen",
            "id": "ami-0a13cef6774d364cd",
            "image_id": "ami-0a13cef6774d364cd",
            "image_location": "amazon/al2023-ami-ecs-hvm-2023.0.20250714-kernel-6.1-arm64",
            "image_owner_alias": "amazon",
            "image_type": "machine",
            "imds_support": "v2.0",
            "include_deprecated": false,
            "kernel_id": "",
            "last_launched_time": "",
            "most_recent": true,
            "name": "al2023-ami-ecs-hvm-2023.0.20250714-kernel-6.1-arm64",
            "name_regex": null,
            "owner_id": "591542846629",
            "owners": [
              "amazon"
            ],
            "platform": "",
            "platform_details": "Linux/UNIX",
            "product_codes": [],
            "public": true,
            "ramdisk_id": "",
            "root_device_name": "/dev/xvda",
            "root_device_type": "ebs",
            "root_snapshot_id": "snap-0d93d543c9776fd6d",
            "sriov_net_support": "simple",
            "state": "available",
            "state_reason": {
              "code": "UNSET",
              "message": "UNSET"
            },
            "tags": {},
            "timeouts": null,
            "tpm_support": "",
            "uefi_data": null,
            "usage_operation": "RunInstances",
            "virtualization_type": "hvm"
          },
          "sensitive_attributes": []
        }
      ]
    },
    {
      "mode": "managed",
      "type": "aws_dynamodb_table",
      "name": "terraform_locks",
      "provider": "provider[\"registry.terraform.io/hashicorp/aws\"]",
      "instances": [
        {
          "schema_version": 1,
          "attributes": {
            "arn": "arn:aws:dynamodb:eu-west-1:155261241825:table/terraform-state-locks",
            "attribute": [
              {
                "name": "LockID",
                "type": "S"
              }
            ],
            "billing_mode": "PAY_PER_REQUEST",
            "deletion_protection_enabled": false,
            "global_secondary_index": [],
            "hash_key": "LockID",
            "id": "terraform-state-locks",
            "import_table": [],
            "local_secondary_index": [],
            "name": "terraform-state-locks",
            "on_demand_throughput": [],
            "point_in_time_recovery": [
              {
                "enabled": false,
                "recovery_period_in_days": 0
              }
            ],
            "range_key": null,
            "read_capacity": 0,
            "replica": [],
            "restore_date_time": null,
            "restore_source_name": null,
            "restore_source_table_arn": null,
            "restore_to_latest_time": null,
            "server_side_encryption": [],
            "stream_arn": "",
            "stream_enabled": false,
            "stream_label": "",
            "stream_view_type": "",
            "table_class": "STANDARD",
            "tags": {},
            "tags_all": {},
            "timeouts": null,
            "ttl": [
              {
                "attribute_name": "",
                "enabled": false
              }
            ],
            "write_capacity": 0
          },
          "sensitive_attributes": [],
          "private": "eyJlMmJmYjczMC1lY2FhLTExZTYtOGY4OC0zNDM2M2JjN2M0YzAiOnsiY3JlYXRlIjoxODAwMDAwMDAwMDAwLCJkZWxldGUiOjYwMDAwMDAwMDAwMCwidXBkYXRlIjozNjAwMDAwMDAwMDAwfSwic2NoZW1hX3ZlcnNpb24iOiIxIn0="
        }
      ]
    },
    {
      "mode": "managed",
      "type": "aws_iam_openid_connect_provider",
      "name": "github",
      "provider": "provider[\"registry.terraform.io/hashicorp/aws\"]",
      "instances": [
        {
          "schema_version": 0,
          "attributes": {
            "arn": "arn:aws:iam::155261241825:oidc-provider/token.actions.githubusercontent.com",
            "client_id_list": [
              "sts.amazonaws.com"
            ],
            "id": "arn:aws:iam::155261241825:oidc-provider/token.actions.githubusercontent.com",
            "tags": {},
            "tags_all": {},
            "thumbprint_list": [
              "1c58a3a8518e8759bf075b76b750d4f2df264fcd"
            ],
            "url": "token.actions.githubusercontent.com"
          },
          "sensitive_attributes": [],
          "private": "bnVsbA=="
        }
      ]
    },
    {
      "mode": "managed",
      "type": "aws_iam_role",
      "name": "github_actions",
      "provider": "provider[\"registry.terraform.io/hashicorp/aws\"]",
      "instances": [
        {
          "schema_version": 0,
          "attributes": {
            "arn": "arn:aws:iam::155261241825:role/GithubActionsRole",
            "assume_role_policy": "{\"Statement\":[{\"Action\":\"sts:AssumeRoleWithWebIdentity\",\"Condition\":{\"StringEquals\":{\"token.actions.githubusercontent.com:iss\":\"https://token.actions.githubusercontent.com\"},\"StringLike\":{\"token.actions.githubusercontent.com:aud\":\"sts.amazonaws.com\",\"token.actions.githubusercontent.com:sub\":\"repo:huntertigerx/*\"}},\"Effect\":\"Allow\",\"Principal\":{\"Federated\":\"arn:aws:iam::155261241825:oidc-provider/token.actions.githubusercontent.com\"}}],\"Version\":\"2012-10-17\"}",
            "create_date": "2025-07-15T19:35:29Z",
            "description": "",
            "force_detach_policies": false,
            "id": "GithubActionsRole",
            "inline_policy": [],
            "managed_policy_arns": [
              "arn:aws:iam::aws:policy/AmazonEC2FullAccess",
              "arn:aws:iam::aws:policy/AmazonS3FullAccess",
              "arn:aws:iam::aws:policy/AmazonVPCFullAccess",
              "arn:aws:iam::aws:policy/IAMFullAccess"
            ],
            "max_session_duration": 3600,
            "name": "GithubActionsRole",
            "name_prefix": "",
            "path": "/",
            "permissions_boundary": "",
            "tags": {},
            "tags_all": {},
            "unique_id": "AROASIJSKRHQWSLXVZEGN"
          },
          "sensitive_attributes": [],
          "private": "bnVsbA==",
          "dependencies": [
            "aws_iam_openid_connect_provider.github"
          ]
        }
      ]
    },
    {
      "mode": "managed",
      "type": "aws_iam_role_policy_attachment",
      "name": "github_actions_ec2",
      "provider": "provider[\"registry.terraform.io/hashicorp/aws\"]",
      "instances": [
        {
          "schema_version": 0,
          "attributes": {
            "id": "GithubActionsRole-20250715193530101500000004",
            "policy_arn": "arn:aws:iam::aws:policy/AmazonEC2FullAccess",
            "role": "GithubActionsRole"
          },
          "sensitive_attributes": [],
          "private": "bnVsbA==",
          "dependencies": [
            "aws_iam_openid_connect_provider.github",
            "aws_iam_role.github_actions"
          ]
        }
      ]
    },
    {
      "mode": "managed",
      "type": "aws_iam_role_policy_attachment",
      "name": "github_actions_iam",
      "provider": "provider[\"registry.terraform.io/hashicorp/aws\"]",
      "instances": [
        {
          "schema_version": 0,
          "attributes": {
            "id": "GithubActionsRole-20250715193530098600000003",
            "policy_arn": "arn:aws:iam::aws:policy/IAMFullAccess",
            "role": "GithubActionsRole"
          },
          "sensitive_attributes": [],
          "private": "bnVsbA==",
          "dependencies": [
            "aws_iam_openid_connect_provider.github",
            "aws_iam_role.github_actions"
          ]
        }
      ]
    },
    {
      "mode": "managed",
      "type": "aws_iam_role_policy_attachment",
      "name": "github_actions_s3",
      "provider": "provider[\"registry.terraform.io/hashicorp/aws\"]",
      "instances": [
        {
          "schema_version": 0,
          "attributes": {
            "id": "GithubActionsRole-20250715193529740700000001",
            "policy_arn": "arn:aws:iam::aws:policy/AmazonS3FullAccess",
            "role": "GithubActionsRole"
          },
          "sensitive_attributes": [],
          "private": "bnVsbA==",
          "dependencies": [
            "aws_iam_openid_connect_provider.github",
            "aws_iam_role.github_actions"
          ]
        }
      ]
    },
    {
      "mode": "managed",
      "type": "aws_iam_role_policy_attachment",
      "name": "github_actions_vpc",
      "provider": "provider[\"registry.terraform.io/hashicorp/aws\"]",
      "instances": [
        {
          "schema_version": 0,
          "attributes": {
            "id": "GithubActionsRole-20250715193529934500000002",
            "policy_arn": "arn:aws:iam::aws:policy/AmazonVPCFullAccess",
            "role": "GithubActionsRole"
          },
          "sensitive_attributes": [],
          "private": "bnVsbA==",
          "dependencies": [
            "aws_iam_openid_connect_provider.github",
            "aws_iam_role.github_actions"
          ]
        }
      ]
    },
    {
      "mode": "managed",
      "type": "aws_instance",
      "name": "bastion",
      "provider": "provider[\"registry.terraform.io/hashicorp/aws\"]",
      "instances": [
        {
          "schema_version": 1,
          "attributes": {
            "ami": "ami-0a13cef6774d364cd",
            "arn": "arn:aws:ec2:eu-west-1:155261241825:instance/i-06ae25c824946cd9a",
            "associate_public_ip_address": true,
            "availability_zone": "eu-west-1a",
            "capacity_reservation_specification": [
              {
                "capacity_reservation_preference": "open",
                "capacity_reservation_target": []
              }
            ],
            "cpu_core_count": 2,
            "cpu_options": [
              {
                "amd_sev_snp": "",
                "core_count": 2,
                "threads_per_core": 1
              }
            ],
            "cpu_threads_per_core": 1,
            "credit_specification": [
              {
                "cpu_credits": "unlimited"
              }
            ],
            "disable_api_stop": false,
            "disable_api_termination": false,
            "ebs_block_device": [],
            "ebs_optimized": false,
            "enable_primary_ipv6": null,
            "enclave_options": [
              {
                "enabled": false
              }
            ],
            "ephemeral_block_device": [],
            "get_password_data": false,
            "hibernation": false,
            "host_id": "",
            "host_resource_group_arn": null,
            "iam_instance_profile": "",
            "id": "i-06ae25c824946cd9a",
            "instance_initiated_shutdown_behavior": "stop",
            "instance_lifecycle": "",
            "instance_market_options": [],
            "instance_state": "running",
            "instance_type": "t4g.small",
            "ipv6_address_count": 0,
            "ipv6_addresses": [],
            "key_name": "bastion-key",
            "launch_template": [],
            "maintenance_options": [
              {
                "auto_recovery": "default"
              }
            ],
            "metadata_options": [
              {
                "http_endpoint": "enabled",
                "http_protocol_ipv6": "disabled",
                "http_put_response_hop_limit": 2,
                "http_tokens": "required",
                "instance_metadata_tags": "disabled"
              }
            ],
            "monitoring": false,
            "network_interface": [],
            "outpost_arn": "",
            "password_data": "",
            "placement_group": "",
            "placement_partition_number": 0,
            "primary_network_interface_id": "eni-0da926117b31407d3",
            "private_dns": "ip-10-0-1-232.eu-west-1.compute.internal",
            "private_dns_name_options": [
              {
                "enable_resource_name_dns_a_record": false,
                "enable_resource_name_dns_aaaa_record": false,
                "hostname_type": "ip-name"
              }
            ],
            "private_ip": "10.0.1.232",
            "public_dns": "ec2-18-202-16-50.eu-west-1.compute.amazonaws.com",
            "public_ip": "18.202.16.50",
            "root_block_device": [
              {
                "delete_on_termination": true,
                "device_name": "/dev/xvda",
                "encrypted": false,
                "iops": 3000,
                "kms_key_id": "",
                "tags": {},
                "tags_all": {},
                "throughput": 125,
                "volume_id": "vol-03bceeb0f7c027523",
                "volume_size": 30,
                "volume_type": "gp3"
              }
            ],
            "secondary_private_ips": [],
            "security_groups": [],
            "source_dest_check": true,
            "spot_instance_request_id": "",
            "subnet_id": "subnet-0dcd7592c6eb13a1f",
            "tags": {
              "ManagedBy": "Gemini",
              "Name": "bastion-host",
              "Project": "K3s-Cluster-Task",
              "Role": "bastion",
              "Terraform": "true"
            },
            "tags_all": {
              "ManagedBy": "Gemini",
              "Name": "bastion-host",
              "Project": "K3s-Cluster-Task",
              "Role": "bastion",
              "Terraform": "true"
            },
            "tenancy": "default",
            "timeouts": null,
            "user_data": null,
            "user_data_base64": null,
            "user_data_replace_on_change": false,
            "volume_tags": null,
            "vpc_security_group_ids": [
              "sg-04b3b1f9b93fb3ba3"
            ]
          },
          "sensitive_attributes": [],
          "private": "eyJlMmJmYjczMC1lY2FhLTExZTYtOGY4OC0zNDM2M2JjN2M0YzAiOnsiY3JlYXRlIjo2MDAwMDAwMDAwMDAsImRlbGV0ZSI6MTIwMDAwMDAwMDAwMCwicmVhZCI6OTAwMDAwMDAwMDAwLCJ1cGRhdGUiOjYwMDAwMDAwMDAwMH0sInNjaGVtYV92ZXJzaW9uIjoiMSJ9",
          "dependencies": [
            "aws_security_group.bastion",
            "aws_subnet.public",
            "aws_vpc.main",
            "data.aws_ami.amazon_linux_2023_arm"
          ]
        }
      ]
    },
    {
      "mode": "managed",
      "type": "aws_instance",
      "name": "k3s_agent",
      "provider": "provider[\"registry.terraform.io/hashicorp/aws\"]",
      "instances": [
        {
          "schema_version": 1,
          "attributes": {
            "ami": "ami-0a13cef6774d364cd",
            "arn": "arn:aws:ec2:eu-west-1:155261241825:instance/i-00c121365c03fb620",
            "associate_public_ip_address": false,
            "availability_zone": "eu-west-1b",
            "capacity_reservation_specification": [
              {
                "capacity_reservation_preference": "open",
                "capacity_reservation_target": []
              }
            ],
            "cpu_core_count": 2,
            "cpu_options": [
              {
                "amd_sev_snp": "",
                "core_count": 2,
                "threads_per_core": 1
              }
            ],
            "cpu_threads_per_core": 1,
            "credit_specification": [
              {
                "cpu_credits": "unlimited"
              }
            ],
            "disable_api_stop": false,
            "disable_api_termination": false,
            "ebs_block_device": [],
            "ebs_optimized": false,
            "enable_primary_ipv6": null,
            "enclave_options": [
              {
                "enabled": false
              }
            ],
            "ephemeral_block_device": [],
            "get_password_data": false,
            "hibernation": false,
            "host_id": "",
            "host_resource_group_arn": null,
            "iam_instance_profile": "",
            "id": "i-00c121365c03fb620",
            "instance_initiated_shutdown_behavior": "stop",
            "instance_lifecycle": "",
            "instance_market_options": [],
            "instance_state": "running",
            "instance_type": "t4g.nano",
            "ipv6_address_count": 0,
            "ipv6_addresses": [],
            "key_name": "bastion-key",
            "launch_template": [],
            "maintenance_options": [
              {
                "auto_recovery": "default"
              }
            ],
            "metadata_options": [
              {
                "http_endpoint": "enabled",
                "http_protocol_ipv6": "disabled",
                "http_put_response_hop_limit": 2,
                "http_tokens": "required",
                "instance_metadata_tags": "disabled"
              }
            ],
            "monitoring": false,
            "network_interface": [],
            "outpost_arn": "",
            "password_data": "",
            "placement_group": "",
            "placement_partition_number": 0,
            "primary_network_interface_id": "eni-00f7f350661c57643",
            "private_dns": "ip-10-0-102-17.eu-west-1.compute.internal",
            "private_dns_name_options": [
              {
                "enable_resource_name_dns_a_record": false,
                "enable_resource_name_dns_aaaa_record": false,
                "hostname_type": "ip-name"
              }
            ],
            "private_ip": "10.0.102.17",
            "public_dns": "",
            "public_ip": "",
            "root_block_device": [
              {
                "delete_on_termination": true,
                "device_name": "/dev/xvda",
                "encrypted": false,
                "iops": 3000,
                "kms_key_id": "",
                "tags": {},
                "tags_all": {},
                "throughput": 125,
                "volume_id": "vol-066a178177629d4cd",
                "volume_size": 30,
                "volume_type": "gp3"
              }
            ],
            "secondary_private_ips": [],
            "security_groups": [],
            "source_dest_check": true,
            "spot_instance_request_id": "",
            "subnet_id": "subnet-05b9d33c07d664df3",
            "tags": {
              "ManagedBy": "Gemini",
              "Name": "k3s-agent",
              "Project": "K3s-Cluster-Task",
              "Role": "k3s-agent",
              "Terraform": "true"
            },
            "tags_all": {
              "ManagedBy": "Gemini",
              "Name": "k3s-agent",
              "Project": "K3s-Cluster-Task",
              "Role": "k3s-agent",
              "Terraform": "true"
            },
            "tenancy": "default",
            "timeouts": null,
            "user_data": "38435a32e9b5e66bc7508dec8aea980d31d11bc5",
            "user_data_base64": null,
            "user_data_replace_on_change": false,
            "volume_tags": null,
            "vpc_security_group_ids": [
              "sg-0eb0416350f96a846"
            ]
          },
          "sensitive_attributes": [
            [
              {
                "type": "get_attr",
                "value": "user_data"
              }
            ]
          ],
          "private": "eyJlMmJmYjczMC1lY2FhLTExZTYtOGY4OC0zNDM2M2JjN2M0YzAiOnsiY3JlYXRlIjo2MDAwMDAwMDAwMDAsImRlbGV0ZSI6MTIwMDAwMDAwMDAwMCwicmVhZCI6OTAwMDAwMDAwMDAwLCJ1cGRhdGUiOjYwMDAwMDAwMDAwMH0sInNjaGVtYV92ZXJzaW9uIjoiMSJ9",
          "dependencies": [
            "aws_instance.k3s_server",
            "aws_security_group.bastion",
            "aws_security_group.k3s_agent",
            "aws_security_group.k3s_server",
            "aws_subnet.private",
            "aws_vpc.main",
            "data.aws_ami.amazon_linux_2023_arm",
            "random_password.k3s_cluster_token"
          ]
        }
      ]
    },
    {
      "mode": "managed",
      "type": "aws_instance",
      "name": "k3s_server",
      "provider": "provider[\"registry.terraform.io/hashicorp/aws\"]",
      "instances": [
        {
          "schema_version": 1,
          "attributes": {
            "ami": "ami-0a13cef6774d364cd",
            "arn": "arn:aws:ec2:eu-west-1:155261241825:instance/i-02845ede072590a86",
            "associate_public_ip_address": false,
            "availability_zone": "eu-west-1a",
            "capacity_reservation_specification": [
              {
                "capacity_reservation_preference": "open",
                "capacity_reservation_target": []
              }
            ],
            "cpu_core_count": 2,
            "cpu_options": [
              {
                "amd_sev_snp": "",
                "core_count": 2,
                "threads_per_core": 1
              }
            ],
            "cpu_threads_per_core": 1,
            "credit_specification": [
              {
                "cpu_credits": "unlimited"
              }
            ],
            "disable_api_stop": false,
            "disable_api_termination": false,
            "ebs_block_device": [],
            "ebs_optimized": false,
            "enable_primary_ipv6": null,
            "enclave_options": [
              {
                "enabled": false
              }
            ],
            "ephemeral_block_device": [],
            "get_password_data": false,
            "hibernation": false,
            "host_id": "",
            "host_resource_group_arn": null,
            "iam_instance_profile": "",
            "id": "i-02845ede072590a86",
            "instance_initiated_shutdown_behavior": "stop",
            "instance_lifecycle": "",
            "instance_market_options": [],
            "instance_state": "running",
            "instance_type": "t4g.nano",
            "ipv6_address_count": 0,
            "ipv6_addresses": [],
            "key_name": "bastion-key",
            "launch_template": [],
            "maintenance_options": [
              {
                "auto_recovery": "default"
              }
            ],
            "metadata_options": [
              {
                "http_endpoint": "enabled",
                "http_protocol_ipv6": "disabled",
                "http_put_response_hop_limit": 2,
                "http_tokens": "required",
                "instance_metadata_tags": "disabled"
              }
            ],
            "monitoring": false,
            "network_interface": [],
            "outpost_arn": "",
            "password_data": "",
            "placement_group": "",
            "placement_partition_number": 0,
            "primary_network_interface_id": "eni-09adc9fcd4a57d55a",
            "private_dns": "ip-10-0-101-22.eu-west-1.compute.internal",
            "private_dns_name_options": [
              {
                "enable_resource_name_dns_a_record": false,
                "enable_resource_name_dns_aaaa_record": false,
                "hostname_type": "ip-name"
              }
            ],
            "private_ip": "10.0.101.22",
            "public_dns": "",
            "public_ip": "",
            "root_block_device": [
              {
                "delete_on_termination": true,
                "device_name": "/dev/xvda",
                "encrypted": false,
                "iops": 3000,
                "kms_key_id": "",
                "tags": {},
                "tags_all": {},
                "throughput": 125,
                "volume_id": "vol-013f2ceb298a0852c",
                "volume_size": 30,
                "volume_type": "gp3"
              }
            ],
            "secondary_private_ips": [],
            "security_groups": [],
            "source_dest_check": true,
            "spot_instance_request_id": "",
            "subnet_id": "subnet-05f0bbd7c317d2fb6",
            "tags": {
              "ManagedBy": "Gemini",
              "Name": "k3s-server",
              "Project": "K3s-Cluster-Task",
              "Role": "k3s-server",
              "Terraform": "true"
            },
            "tags_all": {
              "ManagedBy": "Gemini",
              "Name": "k3s-server",
              "Project": "K3s-Cluster-Task",
              "Role": "k3s-server",
              "Terraform": "true"
            },
            "tenancy": "default",
            "timeouts": null,
            "user_data": "1ef6fea77d5b877cc1e329deadd2a713d1eb62bd",
            "user_data_base64": null,
            "user_data_replace_on_change": false,
            "volume_tags": null,
            "vpc_security_group_ids": [
              "sg-0cbdd2f8aa23f301c"
            ]
          },
          "sensitive_attributes": [
            [
              {
                "type": "get_attr",
                "value": "user_data"
              }
            ]
          ],
          "private": "eyJlMmJmYjczMC1lY2FhLTExZTYtOGY4OC0zNDM2M2JjN2M0YzAiOnsiY3JlYXRlIjo2MDAwMDAwMDAwMDAsImRlbGV0ZSI6MTIwMDAwMDAwMDAwMCwicmVhZCI6OTAwMDAwMDAwMDAwLCJ1cGRhdGUiOjYwMDAwMDAwMDAwMH0sInNjaGVtYV92ZXJzaW9uIjoiMSJ9",
          "dependencies": [
            "aws_security_group.bastion",
            "aws_security_group.k3s_server",
            "aws_subnet.private",
            "aws_vpc.main",
            "data.aws_ami.amazon_linux_2023_arm",
            "random_password.k3s_cluster_token"
          ]
        }
      ]
    },
    {
      "mode": "managed",
      "type": "aws_instance",
      "name": "nat",
      "provider": "provider[\"registry.terraform.io/hashicorp/aws\"]",
      "instances": [
        {
          "schema_version": 1,
          "attributes": {
            "ami": "ami-0a13cef6774d364cd",
            "arn": "arn:aws:ec2:eu-west-1:155261241825:instance/i-09a75d671552bf296",
            "associate_public_ip_address": true,
            "availability_zone": "eu-west-1a",
            "capacity_reservation_specification": [
              {
                "capacity_reservation_preference": "open",
                "capacity_reservation_target": []
              }
            ],
            "cpu_core_count": 2,
            "cpu_options": [
              {
                "amd_sev_snp": "",
                "core_count": 2,
                "threads_per_core": 1
              }
            ],
            "cpu_threads_per_core": 1,
            "credit_specification": [
              {
                "cpu_credits": "unlimited"
              }
            ],
            "disable_api_stop": false,
            "disable_api_termination": false,
            "ebs_block_device": [],
            "ebs_optimized": false,
            "enable_primary_ipv6": null,
            "enclave_options": [
              {
                "enabled": false
              }
            ],
            "ephemeral_block_device": [],
            "get_password_data": false,
            "hibernation": false,
            "host_id": "",
            "host_resource_group_arn": null,
            "iam_instance_profile": "",
            "id": "i-09a75d671552bf296",
            "instance_initiated_shutdown_behavior": "stop",
            "instance_lifecycle": "",
            "instance_market_options": [],
            "instance_state": "running",
            "instance_type": "t4g.nano",
            "ipv6_address_count": 0,
            "ipv6_addresses": [],
            "key_name": "bastion-key",
            "launch_template": [],
            "maintenance_options": [
              {
                "auto_recovery": "default"
              }
            ],
            "metadata_options": [
              {
                "http_endpoint": "enabled",
                "http_protocol_ipv6": "disabled",
                "http_put_response_hop_limit": 2,
                "http_tokens": "required",
                "instance_metadata_tags": "disabled"
              }
            ],
            "monitoring": false,
            "network_interface": [],
            "outpost_arn": "",
            "password_data": "",
            "placement_group": "",
            "placement_partition_number": 0,
            "primary_network_interface_id": "eni-05525a9f3196bde7a",
            "private_dns": "ip-10-0-1-37.eu-west-1.compute.internal",
            "private_dns_name_options": [
              {
                "enable_resource_name_dns_a_record": false,
                "enable_resource_name_dns_aaaa_record": false,
                "hostname_type": "ip-name"
              }
            ],
            "private_ip": "10.0.1.37",
            "public_dns": "ec2-63-35-172-119.eu-west-1.compute.amazonaws.com",
            "public_ip": "63.35.172.119",
            "root_block_device": [
              {
                "delete_on_termination": true,
                "device_name": "/dev/xvda",
                "encrypted": false,
                "iops": 3000,
                "kms_key_id": "",
                "tags": {},
                "tags_all": {},
                "throughput": 125,
                "volume_id": "vol-08b60f5ae7a3582e1",
                "volume_size": 30,
                "volume_type": "gp3"
              }
            ],
            "secondary_private_ips": [],
            "security_groups": [],
            "source_dest_check": false,
            "spot_instance_request_id": "",
            "subnet_id": "subnet-0dcd7592c6eb13a1f",
            "tags": {
              "ManagedBy": "Gemini",
              "Name": "nat-instance",
              "Project": "K3s-Cluster-Task",
              "Role": "nat",
              "Terraform": "true"
            },
            "tags_all": {
              "ManagedBy": "Gemini",
              "Name": "nat-instance",
              "Project": "K3s-Cluster-Task",
              "Role": "nat",
              "Terraform": "true"
            },
            "tenancy": "default",
            "timeouts": null,
            "user_data": "31dd8779e27c06db08ddaec43c3955b81e1df020",
            "user_data_base64": null,
            "user_data_replace_on_change": false,
            "volume_tags": null,
            "vpc_security_group_ids": [
              "sg-0a6ed089dec71b1e6"
            ]
          },
          "sensitive_attributes": [],
          "private": "eyJlMmJmYjczMC1lY2FhLTExZTYtOGY4OC0zNDM2M2JjN2M0YzAiOnsiY3JlYXRlIjo2MDAwMDAwMDAwMDAsImRlbGV0ZSI6MTIwMDAwMDAwMDAwMCwicmVhZCI6OTAwMDAwMDAwMDAwLCJ1cGRhdGUiOjYwMDAwMDAwMDAwMH0sInNjaGVtYV92ZXJzaW9uIjoiMSJ9",
          "dependencies": [
            "aws_security_group.nat",
            "aws_subnet.public",
            "aws_vpc.main",
            "data.aws_ami.amazon_linux_2023_arm"
          ]
        }
      ]
    },
    {
      "mode": "managed",
      "type": "aws_internet_gateway",
      "name": "main",
      "provider": "provider[\"registry.terraform.io/hashicorp/aws\"]",
      "instances": [
        {
          "schema_version": 0,
          "attributes": {
            "arn": "arn:aws:ec2:eu-west-1:155261241825:internet-gateway/igw-06607db55e07eb038",
            "id": "igw-06607db55e07eb038",
            "owner_id": "155261241825",
            "tags": {
              "ManagedBy": "Gemini",
              "Name": "k3s-igw",
              "Project": "K3s-Cluster-Task",
              "Terraform": "true"
            },
            "tags_all": {
              "ManagedBy": "Gemini",
              "Name": "k3s-igw",
              "Project": "K3s-Cluster-Task",
              "Terraform": "true"
            },
            "timeouts": null,
            "vpc_id": "vpc-0ede64af64d7bebb0"
          },
          "sensitive_attributes": [],
          "private": "eyJlMmJmYjczMC1lY2FhLTExZTYtOGY4OC0zNDM2M2JjN2M0YzAiOnsiY3JlYXRlIjoxMjAwMDAwMDAwMDAwLCJkZWxldGUiOjEyMDAwMDAwMDAwMDAsInVwZGF0ZSI6MTIwMDAwMDAwMDAwMH19",
          "dependencies": [
            "aws_vpc.main"
          ]
        }
      ]
    },
    {
      "mode": "managed",
      "type": "aws_route_table",
      "name": "private",
      "provider": "provider[\"registry.terraform.io/hashicorp/aws\"]",
      "instances": [
        {
          "schema_version": 0,
          "attributes": {
            "arn": "arn:aws:ec2:eu-west-1:155261241825:route-table/rtb-0aa3f418db96dbeb0",
            "id": "rtb-0aa3f418db96dbeb0",
            "owner_id": "155261241825",
            "propagating_vgws": [],
            "route": [
              {
                "carrier_gateway_id": "",
                "cidr_block": "0.0.0.0/0",
                "core_network_arn": "",
                "destination_prefix_list_id": "",
                "egress_only_gateway_id": "",
                "gateway_id": "",
                "ipv6_cidr_block": "",
                "local_gateway_id": "",
                "nat_gateway_id": "",
                "network_interface_id": "eni-05525a9f3196bde7a",
                "transit_gateway_id": "",
                "vpc_endpoint_id": "",
                "vpc_peering_connection_id": ""
              }
            ],
            "tags": {
              "ManagedBy": "Gemini",
              "Name": "k3s-private-rt",
              "Project": "K3s-Cluster-Task",
              "Terraform": "true"
            },
            "tags_all": {
              "ManagedBy": "Gemini",
              "Name": "k3s-private-rt",
              "Project": "K3s-Cluster-Task",
              "Terraform": "true"
            },
            "timeouts": null,
            "vpc_id": "vpc-0ede64af64d7bebb0"
          },
          "sensitive_attributes": [],
          "private": "eyJlMmJmYjczMC1lY2FhLTExZTYtOGY4OC0zNDM2M2JjN2M0YzAiOnsiY3JlYXRlIjozMDAwMDAwMDAwMDAsImRlbGV0ZSI6MzAwMDAwMDAwMDAwLCJ1cGRhdGUiOjEyMDAwMDAwMDAwMH19",
          "dependencies": [
            "aws_instance.nat",
            "aws_security_group.nat",
            "aws_subnet.public",
            "aws_vpc.main",
            "data.aws_ami.amazon_linux_2023_arm"
          ]
        }
      ]
    },
    {
      "mode": "managed",
      "type": "aws_route_table",
      "name": "public",
      "provider": "provider[\"registry.terraform.io/hashicorp/aws\"]",
      "instances": [
        {
          "schema_version": 0,
          "attributes": {
            "arn": "arn:aws:ec2:eu-west-1:155261241825:route-table/rtb-0bab455e2d8cfd6e7",
            "id": "rtb-0bab455e2d8cfd6e7",
            "owner_id": "155261241825",
            "propagating_vgws": [],
            "route": [
              {
                "carrier_gateway_id": "",
                "cidr_block": "0.0.0.0/0",
                "core_network_arn": "",
                "destination_prefix_list_id": "",
                "egress_only_gateway_id": "",
                "gateway_id": "igw-06607db55e07eb038",
                "ipv6_cidr_block": "",
                "local_gateway_id": "",
                "nat_gateway_id": "",
                "network_interface_id": "",
                "transit_gateway_id": "",
                "vpc_endpoint_id": "",
                "vpc_peering_connection_id": ""
              }
            ],
            "tags": {
              "ManagedBy": "Gemini",
              "Name": "k3s-public-rt",
              "Project": "K3s-Cluster-Task",
              "Terraform": "true"
            },
            "tags_all": {
              "ManagedBy": "Gemini",
              "Name": "k3s-public-rt",
              "Project": "K3s-Cluster-Task",
              "Terraform": "true"
            },
            "timeouts": null,
            "vpc_id": "vpc-0ede64af64d7bebb0"
          },
          "sensitive_attributes": [],
          "private": "eyJlMmJmYjczMC1lY2FhLTExZTYtOGY4OC0zNDM2M2JjN2M0YzAiOnsiY3JlYXRlIjozMDAwMDAwMDAwMDAsImRlbGV0ZSI6MzAwMDAwMDAwMDAwLCJ1cGRhdGUiOjEyMDAwMDAwMDAwMH19",
          "dependencies": [
            "aws_internet_gateway.main",
            "aws_vpc.main"
          ]
        }
      ]
    },
    {
      "mode": "managed",
      "type": "aws_route_table_association",
      "name": "private",
      "provider": "provider[\"registry.terraform.io/hashicorp/aws\"]",
      "instances": [
        {
          "index_key": "private-subnet-1",
          "schema_version": 0,
          "attributes": {
            "gateway_id": "",
            "id": "rtbassoc-08dfb90928583b16a",
            "route_table_id": "rtb-0aa3f418db96dbeb0",
            "subnet_id": "subnet-05f0bbd7c317d2fb6",
            "timeouts": null
          },
          "sensitive_attributes": [],
          "private": "eyJlMmJmYjczMC1lY2FhLTExZTYtOGY4OC0zNDM2M2JjN2M0YzAiOnsiY3JlYXRlIjozMDAwMDAwMDAwMDAsImRlbGV0ZSI6MzAwMDAwMDAwMDAwLCJ1cGRhdGUiOjEyMDAwMDAwMDAwMH19",
          "dependencies": [
            "aws_instance.nat",
            "aws_route_table.private",
            "aws_security_group.nat",
            "aws_subnet.private",
            "aws_subnet.public",
            "aws_vpc.main",
            "data.aws_ami.amazon_linux_2023_arm"
          ]
        },
        {
          "index_key": "private-subnet-2",
          "schema_version": 0,
          "attributes": {
            "gateway_id": "",
            "id": "rtbassoc-0fee256eea859939d",
            "route_table_id": "rtb-0aa3f418db96dbeb0",
            "subnet_id": "subnet-05b9d33c07d664df3",
            "timeouts": null
          },
          "sensitive_attributes": [],
          "private": "eyJlMmJmYjczMC1lY2FhLTExZTYtOGY4OC0zNDM2M2JjN2M0YzAiOnsiY3JlYXRlIjozMDAwMDAwMDAwMDAsImRlbGV0ZSI6MzAwMDAwMDAwMDAwLCJ1cGRhdGUiOjEyMDAwMDAwMDAwMH19",
          "dependencies": [
            "aws_instance.nat",
            "aws_route_table.private",
            "aws_security_group.nat",
            "aws_subnet.private",
            "aws_subnet.public",
            "aws_vpc.main",
            "data.aws_ami.amazon_linux_2023_arm"
          ]
        }
      ]
    },
    {
      "mode": "managed",
      "type": "aws_route_table_association",
      "name": "public",
      "provider": "provider[\"registry.terraform.io/hashicorp/aws\"]",
      "instances": [
        {
          "index_key": "public-subnet-1",
          "schema_version": 0,
          "attributes": {
            "gateway_id": "",
            "id": "rtbassoc-0838e54c8de2fd125",
            "route_table_id": "rtb-0bab455e2d8cfd6e7",
            "subnet_id": "subnet-0dcd7592c6eb13a1f",
            "timeouts": null
          },
          "sensitive_attributes": [],
          "private": "eyJlMmJmYjczMC1lY2FhLTExZTYtOGY4OC0zNDM2M2JjN2M0YzAiOnsiY3JlYXRlIjozMDAwMDAwMDAwMDAsImRlbGV0ZSI6MzAwMDAwMDAwMDAwLCJ1cGRhdGUiOjEyMDAwMDAwMDAwMH19",
          "dependencies": [
            "aws_internet_gateway.main",
            "aws_route_table.public",
            "aws_subnet.public",
            "aws_vpc.main"
          ]
        },
        {
          "index_key": "public-subnet-2",
          "schema_version": 0,
          "attributes": {
            "gateway_id": "",
            "id": "rtbassoc-0b08898129ff5ee80",
            "route_table_id": "rtb-0bab455e2d8cfd6e7",
            "subnet_id": "subnet-053d08afdd1b95f46",
            "timeouts": null
          },
          "sensitive_attributes": [],
          "private": "eyJlMmJmYjczMC1lY2FhLTExZTYtOGY4OC0zNDM2M2JjN2M0YzAiOnsiY3JlYXRlIjozMDAwMDAwMDAwMDAsImRlbGV0ZSI6MzAwMDAwMDAwMDAwLCJ1cGRhdGUiOjEyMDAwMDAwMDAwMH19",
          "dependencies": [
            "aws_internet_gateway.main",
            "aws_route_table.public",
            "aws_subnet.public",
            "aws_vpc.main"
          ]
        }
      ]
    },
    {
      "mode": "managed",
      "type": "aws_s3_bucket",
      "name": "terraform_state",
      "provider": "provider[\"registry.terraform.io/hashicorp/aws\"]",
      "instances": [
        {
          "schema_version": 0,
          "attributes": {
            "acceleration_status": "",
            "acl": null,
            "arn": "arn:aws:s3:::huntertigerx-terraform-state-k3s-eu-west-1",
            "bucket": "huntertigerx-terraform-state-k3s-eu-west-1",
            "bucket_domain_name": "huntertigerx-terraform-state-k3s-eu-west-1.s3.amazonaws.com",
            "bucket_prefix": "",
            "bucket_regional_domain_name": "huntertigerx-terraform-state-k3s-eu-west-1.s3.eu-west-1.amazonaws.com",
            "cors_rule": [],
            "force_destroy": false,
            "grant": [
              {
                "id": "d0d988a82ad70f4806f75a6c63fe83073cbf9d040ad0734b56640708081a25e0",
                "permissions": [
                  "FULL_CONTROL"
                ],
                "type": "CanonicalUser",
                "uri": ""
              }
            ],
            "hosted_zone_id": "Z1BKCTXD74EZPE",
            "id": "huntertigerx-terraform-state-k3s-eu-west-1",
            "lifecycle_rule": [],
            "logging": [],
            "object_lock_configuration": [],
            "object_lock_enabled": false,
            "policy": "",
            "region": "eu-west-1",
            "replication_configuration": [],
            "request_payer": "BucketOwner",
            "server_side_encryption_configuration": [
              {
                "rule": [
                  {
                    "apply_server_side_encryption_by_default": [
                      {
                        "kms_master_key_id": "",
                        "sse_algorithm": "AES256"
                      }
                    ],
                    "bucket_key_enabled": false
                  }
                ]
              }
            ],
            "tags": {},
            "tags_all": {},
            "timeouts": null,
            "versioning": [
              {
                "enabled": true,
                "mfa_delete": false
              }
            ],
            "website": [],
            "website_domain": null,
            "website_endpoint": null
          },
          "sensitive_attributes": [],
          "private": "eyJlMmJmYjczMC1lY2FhLTExZTYtOGY4OC0zNDM2M2JjN2M0YzAiOnsiY3JlYXRlIjoxMjAwMDAwMDAwMDAwLCJkZWxldGUiOjM2MDAwMDAwMDAwMDAsInJlYWQiOjEyMDAwMDAwMDAwMDAsInVwZGF0ZSI6MTIwMDAwMDAwMDAwMH19"
        }
      ]
    },
    {
      "mode": "managed",
      "type": "aws_s3_bucket_public_access_block",
      "name": "terraform_state",
      "provider": "provider[\"registry.terraform.io/hashicorp/aws\"]",
      "instances": [
        {
          "schema_version": 0,
          "attributes": {
            "block_public_acls": true,
            "block_public_policy": true,
            "bucket": "huntertigerx-terraform-state-k3s-eu-west-1",
            "id": "huntertigerx-terraform-state-k3s-eu-west-1",
            "ignore_public_acls": true,
            "restrict_public_buckets": true
          },
          "sensitive_attributes": [],
          "private": "bnVsbA==",
          "dependencies": [
            "aws_s3_bucket.terraform_state"
          ]
        }
      ]
    },
    {
      "mode": "managed",
      "type": "aws_s3_bucket_server_side_encryption_configuration",
      "name": "terraform_state",
      "provider": "provider[\"registry.terraform.io/hashicorp/aws\"]",
      "instances": [
        {
          "schema_version": 0,
          "attributes": {
            "bucket": "huntertigerx-terraform-state-k3s-eu-west-1",
            "expected_bucket_owner": "",
            "id": "huntertigerx-terraform-state-k3s-eu-west-1",
            "rule": [
              {
                "apply_server_side_encryption_by_default": [
                  {
                    "kms_master_key_id": "",
                    "sse_algorithm": "AES256"
                  }
                ],
                "bucket_key_enabled": false
              }
            ]
          },
          "sensitive_attributes": [],
          "private": "bnVsbA==",
          "dependencies": [
            "aws_s3_bucket.terraform_state"
          ]
        }
      ]
    },
    {
      "mode": "managed",
      "type": "aws_s3_bucket_versioning",
      "name": "terraform_state",
      "provider": "provider[\"registry.terraform.io/hashicorp/aws\"]",
      "instances": [
        {
          "schema_version": 0,
          "attributes": {
            "bucket": "huntertigerx-terraform-state-k3s-eu-west-1",
            "expected_bucket_owner": "",
            "id": "huntertigerx-terraform-state-k3s-eu-west-1",
            "mfa": null,
            "versioning_configuration": [
              {
                "mfa_delete": "",
                "status": "Enabled"
              }
            ]
          },
          "sensitive_attributes": [],
          "private": "bnVsbA==",
          "dependencies": [
            "aws_s3_bucket.terraform_state"
          ]
        }
      ]
    },
    {
      "mode": "managed",
      "type": "aws_security_group",
      "name": "bastion",
      "provider": "provider[\"registry.terraform.io/hashicorp/aws\"]",
      "instances": [
        {
          "schema_version": 1,
          "attributes": {
            "arn": "arn:aws:ec2:eu-west-1:155261241825:security-group/sg-04b3b1f9b93fb3ba3",
            "description": "Allow SSH from user IP",
            "egress": [
              {
                "cidr_blocks": [
                  "0.0.0.0/0"
                ],
                "description": "",
                "from_port": 0,
                "ipv6_cidr_blocks": [],
                "prefix_list_ids": [],
                "protocol": "-1",
                "security_groups": [],
                "self": false,
                "to_port": 0
              }
            ],
            "id": "sg-04b3b1f9b93fb3ba3",
            "ingress": [
              {
                "cidr_blocks": [
                  "151.249.169.121/32"
                ],
                "description": "Allow NodePort range from my IP",
                "from_port": 30000,
                "ipv6_cidr_blocks": [],
                "prefix_list_ids": [],
                "protocol": "tcp",
                "security_groups": [],
                "self": false,
                "to_port": 32767
              },
              {
                "cidr_blocks": [
                  "151.249.169.121/32"
                ],
                "description": "Allow SSH from my IP",
                "from_port": 22,
                "ipv6_cidr_blocks": [],
                "prefix_list_ids": [],
                "protocol": "tcp",
                "security_groups": [],
                "self": false,
                "to_port": 22
              }
            ],
            "name": "bastion-sg",
            "name_prefix": "",
            "owner_id": "155261241825",
            "revoke_rules_on_delete": false,
            "tags": {
              "ManagedBy": "Gemini",
              "Name": "bastion-sg",
              "Project": "K3s-Cluster-Task",
              "Terraform": "true"
            },
            "tags_all": {
              "ManagedBy": "Gemini",
              "Name": "bastion-sg",
              "Project": "K3s-Cluster-Task",
              "Terraform": "true"
            },
            "timeouts": null,
            "vpc_id": "vpc-0ede64af64d7bebb0"
          },
          "sensitive_attributes": [
            [
              {
                "type": "get_attr",
                "value": "ingress"
              }
            ]
          ],
          "private": "eyJlMmJmYjczMC1lY2FhLTExZTYtOGY4OC0zNDM2M2JjN2M0YzAiOnsiY3JlYXRlIjo2MDAwMDAwMDAwMDAsImRlbGV0ZSI6OTAwMDAwMDAwMDAwfSwic2NoZW1hX3ZlcnNpb24iOiIxIn0=",
          "dependencies": [
            "aws_vpc.main"
          ]
        }
      ]
    },
    {
      "mode": "managed",
      "type": "aws_security_group",
      "name": "k3s_agent",
      "provider": "provider[\"registry.terraform.io/hashicorp/aws\"]",
      "instances": [
        {
          "schema_version": 1,
          "attributes": {
            "arn": "arn:aws:ec2:eu-west-1:155261241825:security-group/sg-0eb0416350f96a846",
            "description": "Security group for K3s Agent node",
            "egress": [
              {
                "cidr_blocks": [
                  "0.0.0.0/0"
                ],
                "description": "",
                "from_port": 0,
                "ipv6_cidr_blocks": [],
                "prefix_list_ids": [],
                "protocol": "-1",
                "security_groups": [],
                "self": false,
                "to_port": 0
              }
            ],
            "id": "sg-0eb0416350f96a846",
            "ingress": [
              {
                "cidr_blocks": [],
                "description": null,
                "from_port": 22,
                "ipv6_cidr_blocks": [],
                "prefix_list_ids": [],
                "protocol": "tcp",
                "security_groups": [
                  "sg-04b3b1f9b93fb3ba3"
                ],
                "self": false,
                "to_port": 22
              }
            ],
            "name": "k3s-agent-sg",
            "name_prefix": "",
            "owner_id": "155261241825",
            "revoke_rules_on_delete": false,
            "tags": {
              "ManagedBy": "Gemini",
              "Name": "k3s-agent-sg",
              "Project": "K3s-Cluster-Task",
              "Terraform": "true"
            },
            "tags_all": {
              "ManagedBy": "Gemini",
              "Name": "k3s-agent-sg",
              "Project": "K3s-Cluster-Task",
              "Terraform": "true"
            },
            "timeouts": null,
            "vpc_id": "vpc-0ede64af64d7bebb0"
          },
          "sensitive_attributes": [],
          "private": "eyJlMmJmYjczMC1lY2FhLTExZTYtOGY4OC0zNDM2M2JjN2M0YzAiOnsiY3JlYXRlIjo2MDAwMDAwMDAwMDAsImRlbGV0ZSI6OTAwMDAwMDAwMDAwfSwic2NoZW1hX3ZlcnNpb24iOiIxIn0=",
          "dependencies": [
            "aws_security_group.bastion",
            "aws_vpc.main"
          ]
        }
      ]
    },
    {
      "mode": "managed",
      "type": "aws_security_group",
      "name": "k3s_server",
      "provider": "provider[\"registry.terraform.io/hashicorp/aws\"]",
      "instances": [
        {
          "schema_version": 1,
          "attributes": {
            "arn": "arn:aws:ec2:eu-west-1:155261241825:security-group/sg-0cbdd2f8aa23f301c",
            "description": "Security group for K3s Server node",
            "egress": [
              {
                "cidr_blocks": [
                  "0.0.0.0/0"
                ],
                "description": "",
                "from_port": 0,
                "ipv6_cidr_blocks": [],
                "prefix_list_ids": [],
                "protocol": "-1",
                "security_groups": [],
                "self": false,
                "to_port": 0
              }
            ],
            "id": "sg-0cbdd2f8aa23f301c",
            "ingress": [
              {
                "cidr_blocks": [],
                "description": null,
                "from_port": 22,
                "ipv6_cidr_blocks": [],
                "prefix_list_ids": [],
                "protocol": "tcp",
                "security_groups": [
                  "sg-04b3b1f9b93fb3ba3"
                ],
                "self": false,
                "to_port": 22
              },
              {
                "cidr_blocks": [],
                "description": null,
                "from_port": 6443,
                "ipv6_cidr_blocks": [],
                "prefix_list_ids": [],
                "protocol": "tcp",
                "security_groups": [
                  "sg-04b3b1f9b93fb3ba3"
                ],
                "self": false,
                "to_port": 6443
              }
            ],
            "name": "k3s-server-sg",
            "name_prefix": "",
            "owner_id": "155261241825",
            "revoke_rules_on_delete": false,
            "tags": {
              "ManagedBy": "Gemini",
              "Name": "k3s-server-sg",
              "Project": "K3s-Cluster-Task",
              "Terraform": "true"
            },
            "tags_all": {
              "ManagedBy": "Gemini",
              "Name": "k3s-server-sg",
              "Project": "K3s-Cluster-Task",
              "Terraform": "true"
            },
            "timeouts": null,
            "vpc_id": "vpc-0ede64af64d7bebb0"
          },
          "sensitive_attributes": [],
          "private": "eyJlMmJmYjczMC1lY2FhLTExZTYtOGY4OC0zNDM2M2JjN2M0YzAiOnsiY3JlYXRlIjo2MDAwMDAwMDAwMDAsImRlbGV0ZSI6OTAwMDAwMDAwMDAwfSwic2NoZW1hX3ZlcnNpb24iOiIxIn0=",
          "dependencies": [
            "aws_security_group.bastion",
            "aws_vpc.main"
          ]
        }
      ]
    },
    {
      "mode": "managed",
      "type": "aws_security_group",
      "name": "nat",
      "provider": "provider[\"registry.terraform.io/hashicorp/aws\"]",
      "instances": [
        {
          "schema_version": 1,
          "attributes": {
            "arn": "arn:aws:ec2:eu-west-1:155261241825:security-group/sg-0a6ed089dec71b1e6",
            "description": "Allow traffic from private subnets for NAT",
            "egress": [
              {
                "cidr_blocks": [
                  "0.0.0.0/0"
                ],
                "description": "",
                "from_port": 0,
                "ipv6_cidr_blocks": [],
                "prefix_list_ids": [],
                "protocol": "-1",
                "security_groups": [],
                "self": false,
                "to_port": 0
              }
            ],
            "id": "sg-0a6ed089dec71b1e6",
            "ingress": [
              {
                "cidr_blocks": [
                  "10.0.101.0/24",
                  "10.0.102.0/24"
                ],
                "description": "",
                "from_port": 443,
                "ipv6_cidr_blocks": [],
                "prefix_list_ids": [],
                "protocol": "tcp",
                "security_groups": [],
                "self": false,
                "to_port": 443
              },
              {
                "cidr_blocks": [
                  "10.0.101.0/24",
                  "10.0.102.0/24"
                ],
                "description": "",
                "from_port": 80,
                "ipv6_cidr_blocks": [],
                "prefix_list_ids": [],
                "protocol": "tcp",
                "security_groups": [],
                "self": false,
                "to_port": 80
              }
            ],
            "name": "nat-instance-sg",
            "name_prefix": "",
            "owner_id": "155261241825",
            "revoke_rules_on_delete": false,
            "tags": {
              "ManagedBy": "Gemini",
              "Name": "nat-instance-sg",
              "Project": "K3s-Cluster-Task",
              "Terraform": "true"
            },
            "tags_all": {
              "ManagedBy": "Gemini",
              "Name": "nat-instance-sg",
              "Project": "K3s-Cluster-Task",
              "Terraform": "true"
            },
            "timeouts": null,
            "vpc_id": "vpc-0ede64af64d7bebb0"
          },
          "sensitive_attributes": [],
          "private": "eyJlMmJmYjczMC1lY2FhLTExZTYtOGY4OC0zNDM2M2JjN2M0YzAiOnsiY3JlYXRlIjo2MDAwMDAwMDAwMDAsImRlbGV0ZSI6OTAwMDAwMDAwMDAwfSwic2NoZW1hX3ZlcnNpb24iOiIxIn0=",
          "dependencies": [
            "aws_vpc.main"
          ]
        }
      ]
    },
    {
      "mode": "managed",
      "type": "aws_security_group_rule",
      "name": "agent_flannel_from_server",
      "provider": "provider[\"registry.terraform.io/hashicorp/aws\"]",
      "instances": [
        {
          "schema_version": 2,
          "attributes": {
            "cidr_blocks": null,
            "description": "Allow Flannel from server to agent",
            "from_port": 8472,
            "id": "sgrule-3519179181",
            "ipv6_cidr_blocks": null,
            "prefix_list_ids": null,
            "protocol": "udp",
            "security_group_id": "sg-0eb0416350f96a846",
            "security_group_rule_id": "sgr-0ba1154b0856034dc",
            "self": false,
            "source_security_group_id": "sg-0cbdd2f8aa23f301c",
            "timeouts": null,
            "to_port": 8472,
            "type": "ingress"
          },
          "sensitive_attributes": [],
          "private": "eyJlMmJmYjczMC1lY2FhLTExZTYtOGY4OC0zNDM2M2JjN2M0YzAiOnsiY3JlYXRlIjozMDAwMDAwMDAwMDB9LCJzY2hlbWFfdmVyc2lvbiI6IjIifQ==",
          "dependencies": [
            "aws_security_group.bastion",
            "aws_security_group.k3s_agent",
            "aws_security_group.k3s_server",
            "aws_vpc.main"
          ]
        }
      ]
    },
    {
      "mode": "managed",
      "type": "aws_security_group_rule",
      "name": "server_api_from_agent",
      "provider": "provider[\"registry.terraform.io/hashicorp/aws\"]",
      "instances": [
        {
          "schema_version": 2,
          "attributes": {
            "cidr_blocks": null,
            "description": "Allow K3s agents to access API server",
            "from_port": 6443,
            "id": "sgrule-2218972585",
            "ipv6_cidr_blocks": null,
            "prefix_list_ids": null,
            "protocol": "tcp",
            "security_group_id": "sg-0cbdd2f8aa23f301c",
            "security_group_rule_id": "sgr-0eb39ba6c5bd17acb",
            "self": false,
            "source_security_group_id": "sg-0eb0416350f96a846",
            "timeouts": null,
            "to_port": 6443,
            "type": "ingress"
          },
          "sensitive_attributes": [],
          "private": "eyJlMmJmYjczMC1lY2FhLTExZTYtOGY4OC0zNDM2M2JjN2M0YzAiOnsiY3JlYXRlIjozMDAwMDAwMDAwMDB9LCJzY2hlbWFfdmVyc2lvbiI6IjIifQ==",
          "dependencies": [
            "aws_security_group.bastion",
            "aws_security_group.k3s_agent",
            "aws_security_group.k3s_server",
            "aws_vpc.main"
          ]
        }
      ]
    },
    {
      "mode": "managed",
      "type": "aws_security_group_rule",
      "name": "server_flannel_from_agent",
      "provider": "provider[\"registry.terraform.io/hashicorp/aws\"]",
      "instances": [
        {
          "schema_version": 2,
          "attributes": {
            "cidr_blocks": null,
            "description": "Allow Flannel from agent to server",
            "from_port": 8472,
            "id": "sgrule-746371648",
            "ipv6_cidr_blocks": null,
            "prefix_list_ids": null,
            "protocol": "udp",
            "security_group_id": "sg-0cbdd2f8aa23f301c",
            "security_group_rule_id": "sgr-0d49e2a6360dc283c",
            "self": false,
            "source_security_group_id": "sg-0eb0416350f96a846",
            "timeouts": null,
            "to_port": 8472,
            "type": "ingress"
          },
          "sensitive_attributes": [],
          "private": "eyJlMmJmYjczMC1lY2FhLTExZTYtOGY4OC0zNDM2M2JjN2M0YzAiOnsiY3JlYXRlIjozMDAwMDAwMDAwMDB9LCJzY2hlbWFfdmVyc2lvbiI6IjIifQ==",
          "dependencies": [
            "aws_security_group.bastion",
            "aws_security_group.k3s_agent",
            "aws_security_group.k3s_server",
            "aws_vpc.main"
          ]
        }
      ]
    },
    {
      "mode": "managed",
      "type": "aws_security_group_rule",
      "name": "server_kubelet_from_agent",
      "provider": "provider[\"registry.terraform.io/hashicorp/aws\"]",
      "instances": [
        {
          "schema_version": 2,
          "attributes": {
            "cidr_blocks": null,
            "description": "Allow K3s agents to access server Kubelet",
            "from_port": 10250,
            "id": "sgrule-100689596",
            "ipv6_cidr_blocks": null,
            "prefix_list_ids": null,
            "protocol": "tcp",
            "security_group_id": "sg-0cbdd2f8aa23f301c",
            "security_group_rule_id": "sgr-0e505b79029409b12",
            "self": false,
            "source_security_group_id": "sg-0eb0416350f96a846",
            "timeouts": null,
            "to_port": 10250,
            "type": "ingress"
          },
          "sensitive_attributes": [],
          "private": "eyJlMmJmYjczMC1lY2FhLTExZTYtOGY4OC0zNDM2M2JjN2M0YzAiOnsiY3JlYXRlIjozMDAwMDAwMDAwMDB9LCJzY2hlbWFfdmVyc2lvbiI6IjIifQ==",
          "dependencies": [
            "aws_security_group.bastion",
            "aws_security_group.k3s_agent",
            "aws_security_group.k3s_server",
            "aws_vpc.main"
          ]
        }
      ]
    },
    {
      "mode": "managed",
      "type": "aws_subnet",
      "name": "private",
      "provider": "provider[\"registry.terraform.io/hashicorp/aws\"]",
      "instances": [
        {
          "index_key": "private-subnet-1",
          "schema_version": 1,
          "attributes": {
            "arn": "arn:aws:ec2:eu-west-1:155261241825:subnet/subnet-05f0bbd7c317d2fb6",
            "assign_ipv6_address_on_creation": false,
            "availability_zone": "eu-west-1a",
            "availability_zone_id": "euw1-az2",
            "cidr_block": "10.0.101.0/24",
            "customer_owned_ipv4_pool": "",
            "enable_dns64": false,
            "enable_lni_at_device_index": 0,
            "enable_resource_name_dns_a_record_on_launch": false,
            "enable_resource_name_dns_aaaa_record_on_launch": false,
            "id": "subnet-05f0bbd7c317d2fb6",
            "ipv6_cidr_block": "",
            "ipv6_cidr_block_association_id": "",
            "ipv6_native": false,
            "map_customer_owned_ip_on_launch": false,
            "map_public_ip_on_launch": false,
            "outpost_arn": "",
            "owner_id": "155261241825",
            "private_dns_hostname_type_on_launch": "ip-name",
            "tags": {
              "ManagedBy": "Gemini",
              "Name": "private-subnet-1",
              "Project": "K3s-Cluster-Task",
              "Terraform": "true",
              "Tier": "private"
            },
            "tags_all": {
              "ManagedBy": "Gemini",
              "Name": "private-subnet-1",
              "Project": "K3s-Cluster-Task",
              "Terraform": "true",
              "Tier": "private"
            },
            "timeouts": null,
            "vpc_id": "vpc-0ede64af64d7bebb0"
          },
          "sensitive_attributes": [],
          "private": "eyJlMmJmYjczMC1lY2FhLTExZTYtOGY4OC0zNDM2M2JjN2M0YzAiOnsiY3JlYXRlIjo2MDAwMDAwMDAwMDAsImRlbGV0ZSI6MTIwMDAwMDAwMDAwMH0sInNjaGVtYV92ZXJzaW9uIjoiMSJ9",
          "dependencies": [
            "aws_vpc.main"
          ]
        },
        {
          "index_key": "private-subnet-2",
          "schema_version": 1,
          "attributes": {
            "arn": "arn:aws:ec2:eu-west-1:155261241825:subnet/subnet-05b9d33c07d664df3",
            "assign_ipv6_address_on_creation": false,
            "availability_zone": "eu-west-1b",
            "availability_zone_id": "euw1-az3",
            "cidr_block": "10.0.102.0/24",
            "customer_owned_ipv4_pool": "",
            "enable_dns64": false,
            "enable_lni_at_device_index": 0,
            "enable_resource_name_dns_a_record_on_launch": false,
            "enable_resource_name_dns_aaaa_record_on_launch": false,
            "id": "subnet-05b9d33c07d664df3",
            "ipv6_cidr_block": "",
            "ipv6_cidr_block_association_id": "",
            "ipv6_native": false,
            "map_customer_owned_ip_on_launch": false,
            "map_public_ip_on_launch": false,
            "outpost_arn": "",
            "owner_id": "155261241825",
            "private_dns_hostname_type_on_launch": "ip-name",
            "tags": {
              "ManagedBy": "Gemini",
              "Name": "private-subnet-2",
              "Project": "K3s-Cluster-Task",
              "Terraform": "true",
              "Tier": "private"
            },
            "tags_all": {
              "ManagedBy": "Gemini",
              "Name": "private-subnet-2",
              "Project": "K3s-Cluster-Task",
              "Terraform": "true",
              "Tier": "private"
            },
            "timeouts": null,
            "vpc_id": "vpc-0ede64af64d7bebb0"
          },
          "sensitive_attributes": [],
          "private": "eyJlMmJmYjczMC1lY2FhLTExZTYtOGY4OC0zNDM2M2JjN2M0YzAiOnsiY3JlYXRlIjo2MDAwMDAwMDAwMDAsImRlbGV0ZSI6MTIwMDAwMDAwMDAwMH0sInNjaGVtYV92ZXJzaW9uIjoiMSJ9",
          "dependencies": [
            "aws_vpc.main"
          ]
        }
      ]
    },
    {
      "mode": "managed",
      "type": "aws_subnet",
      "name": "public",
      "provider": "provider[\"registry.terraform.io/hashicorp/aws\"]",
      "instances": [
        {
          "index_key": "public-subnet-1",
          "schema_version": 1,
          "attributes": {
            "arn": "arn:aws:ec2:eu-west-1:155261241825:subnet/subnet-0dcd7592c6eb13a1f",
            "assign_ipv6_address_on_creation": false,
            "availability_zone": "eu-west-1a",
            "availability_zone_id": "euw1-az2",
            "cidr_block": "10.0.1.0/24",
            "customer_owned_ipv4_pool": "",
            "enable_dns64": false,
            "enable_lni_at_device_index": 0,
            "enable_resource_name_dns_a_record_on_launch": false,
            "enable_resource_name_dns_aaaa_record_on_launch": false,
            "id": "subnet-0dcd7592c6eb13a1f",
            "ipv6_cidr_block": "",
            "ipv6_cidr_block_association_id": "",
            "ipv6_native": false,
            "map_customer_owned_ip_on_launch": false,
            "map_public_ip_on_launch": true,
            "outpost_arn": "",
            "owner_id": "155261241825",
            "private_dns_hostname_type_on_launch": "ip-name",
            "tags": {
              "ManagedBy": "Gemini",
              "Name": "public-subnet-1",
              "Project": "K3s-Cluster-Task",
              "Terraform": "true",
              "Tier": "public"
            },
            "tags_all": {
              "ManagedBy": "Gemini",
              "Name": "public-subnet-1",
              "Project": "K3s-Cluster-Task",
              "Terraform": "true",
              "Tier": "public"
            },
            "timeouts": null,
            "vpc_id": "vpc-0ede64af64d7bebb0"
          },
          "sensitive_attributes": [],
          "private": "eyJlMmJmYjczMC1lY2FhLTExZTYtOGY4OC0zNDM2M2JjN2M0YzAiOnsiY3JlYXRlIjo2MDAwMDAwMDAwMDAsImRlbGV0ZSI6MTIwMDAwMDAwMDAwMH0sInNjaGVtYV92ZXJzaW9uIjoiMSJ9",
          "dependencies": [
            "aws_vpc.main"
          ]
        },
        {
          "index_key": "public-subnet-2",
          "schema_version": 1,
          "attributes": {
            "arn": "arn:aws:ec2:eu-west-1:155261241825:subnet/subnet-053d08afdd1b95f46",
            "assign_ipv6_address_on_creation": false,
            "availability_zone": "eu-west-1b",
            "availability_zone_id": "euw1-az3",
            "cidr_block": "10.0.2.0/24",
            "customer_owned_ipv4_pool": "",
            "enable_dns64": false,
            "enable_lni_at_device_index": 0,
            "enable_resource_name_dns_a_record_on_launch": false,
            "enable_resource_name_dns_aaaa_record_on_launch": false,
            "id": "subnet-053d08afdd1b95f46",
            "ipv6_cidr_block": "",
            "ipv6_cidr_block_association_id": "",
            "ipv6_native": false,
            "map_customer_owned_ip_on_launch": false,
            "map_public_ip_on_launch": true,
            "outpost_arn": "",
            "owner_id": "155261241825",
            "private_dns_hostname_type_on_launch": "ip-name",
            "tags": {
              "ManagedBy": "Gemini",
              "Name": "public-subnet-2",
              "Project": "K3s-Cluster-Task",
              "Terraform": "true",
              "Tier": "public"
            },
            "tags_all": {
              "ManagedBy": "Gemini",
              "Name": "public-subnet-2",
              "Project": "K3s-Cluster-Task",
              "Terraform": "true",
              "Tier": "public"
            },
            "timeouts": null,
            "vpc_id": "vpc-0ede64af64d7bebb0"
          },
          "sensitive_attributes": [],
          "private": "eyJlMmJmYjczMC1lY2FhLTExZTYtOGY4OC0zNDM2M2JjN2M0YzAiOnsiY3JlYXRlIjo2MDAwMDAwMDAwMDAsImRlbGV0ZSI6MTIwMDAwMDAwMDAwMH0sInNjaGVtYV92ZXJzaW9uIjoiMSJ9",
          "dependencies": [
            "aws_vpc.main"
          ]
        }
      ]
    },
    {
      "mode": "managed",
      "type": "aws_vpc",
      "name": "main",
      "provider": "provider[\"registry.terraform.io/hashicorp/aws\"]",
      "instances": [
        {
          "schema_version": 1,
          "attributes": {
            "arn": "arn:aws:ec2:eu-west-1:155261241825:vpc/vpc-0ede64af64d7bebb0",
            "assign_generated_ipv6_cidr_block": false,
            "cidr_block": "10.0.0.0/16",
            "default_network_acl_id": "acl-0ef89c0e0027f559d",
            "default_route_table_id": "rtb-049f1cb8378555a51",
            "default_security_group_id": "sg-0c08955660b2b88cc",
            "dhcp_options_id": "dopt-0a34f44d86821a65d",
            "enable_dns_hostnames": true,
            "enable_dns_support": true,
            "enable_network_address_usage_metrics": false,
            "id": "vpc-0ede64af64d7bebb0",
            "instance_tenancy": "default",
            "ipv4_ipam_pool_id": null,
            "ipv4_netmask_length": null,
            "ipv6_association_id": "",
            "ipv6_cidr_block": "",
            "ipv6_cidr_block_network_border_group": "",
            "ipv6_ipam_pool_id": "",
            "ipv6_netmask_length": 0,
            "main_route_table_id": "rtb-049f1cb8378555a51",
            "owner_id": "155261241825",
            "tags": {
              "ManagedBy": "Gemini",
              "Name": "k3s-vpc",
              "Project": "K3s-Cluster-Task",
              "Terraform": "true"
            },
            "tags_all": {
              "ManagedBy": "Gemini",
              "Name": "k3s-vpc",
              "Project": "K3s-Cluster-Task",
              "Terraform": "true"
            }
          },
          "sensitive_attributes": [],
          "private": "eyJzY2hlbWFfdmVyc2lvbiI6IjEifQ=="
        }
      ]
    },
    {
      "mode": "managed",
      "type": "random_password",
      "name": "k3s_cluster_token",
      "provider": "provider[\"registry.terraform.io/hashicorp/random\"]",
      "instances": [
        {
          "schema_version": 3,
          "attributes": {
            "bcrypt_hash": "$2a$10$jKu5cNPq1k3Oz5bq2fcwf.Ppy6X9qFezvbqGBNJZC47emgFvF26S2",
            "id": "none",
            "keepers": null,
            "length": 32,
            "lower": true,
            "min_lower": 0,
            "min_numeric": 0,
            "min_special": 0,
            "min_upper": 0,
            "number": true,
            "numeric": true,
            "override_special": null,
            "result": "eSyn0cFbkcBob5LianNqcbbPeW8YVBfW",
            "special": false,
            "upper": true
          },
          "sensitive_attributes": [
            [
              {
                "type": "get_attr",
                "value": "result"
              }
            ],
            [
              {
                "type": "get_attr",
                "value": "bcrypt_hash"
              }
            ]
          ]
        }
      ]
    }
  ],
  "check_results": null
}
